
Microsoft Visual Studio Solution File, Format Version 12.00
# Visual Studio Version 16
VisualStudioVersion = 16.0.31605.320
MinimumVisualStudioVersion = 10.0.40219.1
Project("{2150E333-8FDC-42A3-9474-1A3956D46DE8}") = "Microservices", "Microservices", "{77ADA306-9CE4-4AB7-BD0B-9FC69F43518A}"
EndProject
Project("{2150E333-8FDC-42A3-9474-1A3956D46DE8}") = "Domain", "Domain", "{9897D63D-1759-43FC-B6E9-CEFED9758FDC}"
EndProject
Project("{2150E333-8FDC-42A3-9474-1A3956D46DE8}") = "Infra.Bus", "Infra.Bus", "{95730D5E-EB51-4DA1-BAEF-A70A08ED97FC}"
EndProject
Project("{2150E333-8FDC-42A3-9474-1A3956D46DE8}") = "Infra.IoC", "Infra.IoC", "{4A97ED29-F622-42FA-99AD-E5C59C56989E}"
EndProject
Project("{2150E333-8FDC-42A3-9474-1A3956D46DE8}") = "Presentation", "Presentation", "{43BD7669-5D6D-49CA-A4F6-7A6DE3598747}"
EndProject
Project("{FAE04EC0-301F-11D3-BF4B-00C04F79EFBC}") = "MicroRabbit.Domain.Core", "MicroRabbit.Domain.Core\MicroRabbit.Domain.Core.csproj", "{CB093333-584D-4C2A-B0AD-654BD22AF2E8}"
EndProject
Project("{FAE04EC0-301F-11D3-BF4B-00C04F79EFBC}") = "MicroRabbit.Infra.Bus", "MicroRabbit.Infra.Bus\MicroRabbit.Infra.Bus.csproj", "{8335B8BC-8529-466B-8A63-ACA373DD0051}"
EndProject
Project("{FAE04EC0-301F-11D3-BF4B-00C04F79EFBC}") = "MicroRabbit.Infra.IoC", "MicroRabbit.Infra.IoC\MicroRabbit.Infra.IoC.csproj", "{1105D942-9B0C-446D-8B8C-10901AEDE854}"
EndProject
Project("{2150E333-8FDC-42A3-9474-1A3956D46DE8}") = "Banking", "Banking", "{277BF5A4-B39E-4B4B-BFB0-14996136EA71}"
EndProject
Project("{2150E333-8FDC-42A3-9474-1A3956D46DE8}") = "API", "API", "{5E3162DB-C3D2-425D-9C29-26930CB77F14}"
EndProject
Project("{2150E333-8FDC-42A3-9474-1A3956D46DE8}") = "Domain", "Domain", "{FFF97EB2-27DC-4086-8687-B5E0538BE350}"
EndProject
Project("{2150E333-8FDC-42A3-9474-1A3956D46DE8}") = "Application", "Application", "{35ADAC3E-F77B-4396-8682-3ABB78723720}"
EndProject
Project("{2150E333-8FDC-42A3-9474-1A3956D46DE8}") = "Data", "Data", "{3EC6D943-064D-46CC-9503-F23D2187B258}"
EndProject
Project("{FAE04EC0-301F-11D3-BF4B-00C04F79EFBC}") = "MicroRabbit.Banking.Api", "MicroRabbit.Banking.Api\MicroRabbit.Banking.Api.csproj", "{4BF063E1-095F-4C18-AF56-D09A38202416}"
EndProject
Project("{FAE04EC0-301F-11D3-BF4B-00C04F79EFBC}") = "MicroRabbit.Banking.Application", "MicroRabbit.Banking.Application\MicroRabbit.Banking.Application.csproj", "{5E7E14FB-A990-4B3C-9B4A-FCC900DB942E}"
EndProject
Project("{FAE04EC0-301F-11D3-BF4B-00C04F79EFBC}") = "MicroRabbit.Banking.Data", "MicroRabbit.Banking.Data\MicroRabbit.Banking.Data.csproj", "{D54F2A07-F9AF-472E-A581-1FA826A090EB}"
EndProject
Project("{FAE04EC0-301F-11D3-BF4B-00C04F79EFBC}") = "MicroRabbit.Banking.Domain", "MicroRabbit.Banking.Domain\MicroRabbit.Banking.Domain.csproj", "{AA6DDA4C-2BBD-4632-B162-2391FC4E1D9A}"
EndProject
Global
	GlobalSection(SolutionConfigurationPlatforms) = preSolution
		Debug|Any CPU = Debug|Any CPU
		Release|Any CPU = Release|Any CPU
	EndGlobalSection
	GlobalSection(ProjectConfigurationPlatforms) = postSolution
		{CB093333-584D-4C2A-B0AD-654BD22AF2E8}.Debug|Any CPU.ActiveCfg = Debug|Any CPU
		{CB093333-584D-4C2A-B0AD-654BD22AF2E8}.Debug|Any CPU.Build.0 = Debug|Any CPU
		{CB093333-584D-4C2A-B0AD-654BD22AF2E8}.Release|Any CPU.ActiveCfg = Release|Any CPU
		{CB093333-584D-4C2A-B0AD-654BD22AF2E8}.Release|Any CPU.Build.0 = Release|Any CPU
		{8335B8BC-8529-466B-8A63-ACA373DD0051}.Debug|Any CPU.ActiveCfg = Debug|Any CPU
		{8335B8BC-8529-466B-8A63-ACA373DD0051}.Debug|Any CPU.Build.0 = Debug|Any CPU
		{8335B8BC-8529-466B-8A63-ACA373DD0051}.Release|Any CPU.ActiveCfg = Release|Any CPU
		{8335B8BC-8529-466B-8A63-ACA373DD0051}.Release|Any CPU.Build.0 = Release|Any CPU
		{1105D942-9B0C-446D-8B8C-10901AEDE854}.Debug|Any CPU.ActiveCfg = Debug|Any CPU
		{1105D942-9B0C-446D-8B8C-10901AEDE854}.Debug|Any CPU.Build.0 = Debug|Any CPU
		{1105D942-9B0C-446D-8B8C-10901AEDE854}.Release|Any CPU.ActiveCfg = Release|Any CPU
		{1105D942-9B0C-446D-8B8C-10901AEDE854}.Release|Any CPU.Build.0 = Release|Any CPU
		{4BF063E1-095F-4C18-AF56-D09A38202416}.Debug|Any CPU.ActiveCfg = Debug|Any CPU
		{4BF063E1-095F-4C18-AF56-D09A38202416}.Debug|Any CPU.Build.0 = Debug|Any CPU
		{4BF063E1-095F-4C18-AF56-D09A38202416}.Release|Any CPU.ActiveCfg = Release|Any CPU
		{4BF063E1-095F-4C18-AF56-D09A38202416}.Release|Any CPU.Build.0 = Release|Any CPU
		{5E7E14FB-A990-4B3C-9B4A-FCC900DB942E}.Debug|Any CPU.ActiveCfg = Debug|Any CPU
		{5E7E14FB-A990-4B3C-9B4A-FCC900DB942E}.Debug|Any CPU.Build.0 = Debug|Any CPU
		{5E7E14FB-A990-4B3C-9B4A-FCC900DB942E}.Release|Any CPU.ActiveCfg = Release|Any CPU
		{5E7E14FB-A990-4B3C-9B4A-FCC900DB942E}.Release|Any CPU.Build.0 = Release|Any CPU
		{D54F2A07-F9AF-472E-A581-1FA826A090EB}.Debug|Any CPU.ActiveCfg = Debug|Any CPU
		{D54F2A07-F9AF-472E-A581-1FA826A090EB}.Debug|Any CPU.Build.0 = Debug|Any CPU
		{D54F2A07-F9AF-472E-A581-1FA826A090EB}.Release|Any CPU.ActiveCfg = Release|Any CPU
		{D54F2A07-F9AF-472E-A581-1FA826A090EB}.Release|Any CPU.Build.0 = Release|Any CPU
		{AA6DDA4C-2BBD-4632-B162-2391FC4E1D9A}.Debug|Any CPU.ActiveCfg = Debug|Any CPU
		{AA6DDA4C-2BBD-4632-B162-2391FC4E1D9A}.Debug|Any CPU.Build.0 = Debug|Any CPU
		{AA6DDA4C-2BBD-4632-B162-2391FC4E1D9A}.Release|Any CPU.ActiveCfg = Release|Any CPU
		{AA6DDA4C-2BBD-4632-B162-2391FC4E1D9A}.Release|Any CPU.Build.0 = Release|Any CPU
	EndGlobalSection
	GlobalSection(SolutionProperties) = preSolution
		HideSolutionNode = FALSE
	EndGlobalSection
	GlobalSection(NestedProjects) = preSolution
		{CB093333-584D-4C2A-B0AD-654BD22AF2E8} = {9897D63D-1759-43FC-B6E9-CEFED9758FDC}
		{8335B8BC-8529-466B-8A63-ACA373DD0051} = {95730D5E-EB51-4DA1-BAEF-A70A08ED97FC}
		{1105D942-9B0C-446D-8B8C-10901AEDE854} = {4A97ED29-F622-42FA-99AD-E5C59C56989E}
		{277BF5A4-B39E-4B4B-BFB0-14996136EA71} = {77ADA306-9CE4-4AB7-BD0B-9FC69F43518A}
		{5E3162DB-C3D2-425D-9C29-26930CB77F14} = {277BF5A4-B39E-4B4B-BFB0-14996136EA71}
		{FFF97EB2-27DC-4086-8687-B5E0538BE350} = {277BF5A4-B39E-4B4B-BFB0-14996136EA71}
		{35ADAC3E-F77B-4396-8682-3ABB78723720} = {277BF5A4-B39E-4B4B-BFB0-14996136EA71}
		{3EC6D943-064D-46CC-9503-F23D2187B258} = {277BF5A4-B39E-4B4B-BFB0-14996136EA71}
		{4BF063E1-095F-4C18-AF56-D09A38202416} = {5E3162DB-C3D2-425D-9C29-26930CB77F14}
		{5E7E14FB-A990-4B3C-9B4A-FCC900DB942E} = {35ADAC3E-F77B-4396-8682-3ABB78723720}
		{D54F2A07-F9AF-472E-A581-1FA826A090EB} = {3EC6D943-064D-46CC-9503-F23D2187B258}
		{AA6DDA4C-2BBD-4632-B162-2391FC4E1D9A} = {FFF97EB2-27DC-4086-8687-B5E0538BE350}
	EndGlobalSection
	GlobalSection(ExtensibilityGlobals) = postSolution
		SolutionGuid = {B2655A1F-F5E0-49A2-814C-569E03D93160}
	EndGlobalSection
EndGlobal
